// !$*UTF8*$!
{
	archiveVersion = 1;
	classes = {
	};
	objectVersion = 46;
	objects = {

/* Begin PBXBuildFile section */
		E55DCCF116AF0EF50081CCA8 /* UIKit.framework in Frameworks */ = {isa = PBXBuildFile; fileRef = E55DCCF016AF0EF50081CCA8 /* UIKit.framework */; };
		E55DCCF316AF0EF50081CCA8 /* Foundation.framework in Frameworks */ = {isa = PBXBuildFile; fileRef = E55DCCF216AF0EF50081CCA8 /* Foundation.framework */; };
		E55DCCF516AF0EF50081CCA8 /* CoreGraphics.framework in Frameworks */ = {isa = PBXBuildFile; fileRef = E55DCCF416AF0EF50081CCA8 /* CoreGraphics.framework */; };
		E55DCCF716AF0EF50081CCA8 /* CoreData.framework in Frameworks */ = {isa = PBXBuildFile; fileRef = E55DCCF616AF0EF50081CCA8 /* CoreData.framework */; };
		E55DCCFD16AF0EF50081CCA8 /* InfoPlist.strings in Resources */ = {isa = PBXBuildFile; fileRef = E55DCCFB16AF0EF50081CCA8 /* InfoPlist.strings */; };
		E55DCCFF16AF0EF50081CCA8 /* main.m in Sources */ = {isa = PBXBuildFile; fileRef = E55DCCFE16AF0EF50081CCA8 /* main.m */; };
		E55DCD0316AF0EF50081CCA8 /* AppDelegate.m in Sources */ = {isa = PBXBuildFile; fileRef = E55DCD0216AF0EF50081CCA8 /* AppDelegate.m */; };
		E55DCD0516AF0EF50081CCA8 /* Default.png in Resources */ = {isa = PBXBuildFile; fileRef = E55DCD0416AF0EF50081CCA8 /* Default.png */; };
		E55DCD0716AF0EF50081CCA8 /* Default@2x.png in Resources */ = {isa = PBXBuildFile; fileRef = E55DCD0616AF0EF50081CCA8 /* Default@2x.png */; };
		E55DCD0916AF0EF50081CCA8 /* Default-568h@2x.png in Resources */ = {isa = PBXBuildFile; fileRef = E55DCD0816AF0EF50081CCA8 /* Default-568h@2x.png */; };
		E55DCD0C16AF0EF50081CCA8 /* SuperDB.xcdatamodeld in Sources */ = {isa = PBXBuildFile; fileRef = E55DCD0A16AF0EF50081CCA8 /* SuperDB.xcdatamodeld */; };
		E55DCD1316AF0F210081CCA8 /* SuperDB.storyboard in Resources */ = {isa = PBXBuildFile; fileRef = E55DCD1216AF0F210081CCA8 /* SuperDB.storyboard */; };
		E55DCD1A16AF12550081CCA8 /* name_icon.png in Resources */ = {isa = PBXBuildFile; fileRef = E55DCD1816AF12550081CCA8 /* name_icon.png */; };
		E55DCD1B16AF12550081CCA8 /* secret_icon.png in Resources */ = {isa = PBXBuildFile; fileRef = E55DCD1916AF12550081CCA8 /* secret_icon.png */; };
		E55DCD1F16AF12E80081CCA8 /* HeroListController.m in Sources */ = {isa = PBXBuildFile; fileRef = E55DCD1E16AF12E80081CCA8 /* HeroListController.m */; };
		E55DCD2A16AF35AE0081CCA8 /* HeroDetailController.m in Sources */ = {isa = PBXBuildFile; fileRef = E55DCD2916AF35AE0081CCA8 /* HeroDetailController.m */; };
		E55DCD2D16AF36630081CCA8 /* HeroDetailConfiguration.plist in Resources */ = {isa = PBXBuildFile; fileRef = E55DCD2C16AF36630081CCA8 /* HeroDetailConfiguration.plist */; };
		E55DCD3016AF3B430081CCA8 /* SuperDBEditCell.m in Sources */ = {isa = PBXBuildFile; fileRef = E55DCD2F16AF3B430081CCA8 /* SuperDBEditCell.m */; };
		E55DCD3316AF3DF90081CCA8 /* SuperDBDateCell.m in Sources */ = {isa = PBXBuildFile; fileRef = E55DCD3216AF3DF90081CCA8 /* SuperDBDateCell.m */; };
		E55DCD3616AF3F860081CCA8 /* SuperDBPickerCell.m in Sources */ = {isa = PBXBuildFile; fileRef = E55DCD3516AF3F860081CCA8 /* SuperDBPickerCell.m */; };
/* End PBXBuildFile section */

/* Begin PBXFileReference section */
		E55DCCEC16AF0EF50081CCA8 /* SuperDB.app */ = {isa = PBXFileReference; explicitFileType = wrapper.application; includeInIndex = 0; path = SuperDB.app; sourceTree = BUILT_PRODUCTS_DIR; };
		E55DCCF016AF0EF50081CCA8 /* UIKit.framework */ = {isa = PBXFileReference; lastKnownFileType = wrapper.framework; name = UIKit.framework; path = System/Library/Frameworks/UIKit.framework; sourceTree = SDKROOT; };
		E55DCCF216AF0EF50081CCA8 /* Foundation.framework */ = {isa = PBXFileReference; lastKnownFileType = wrapper.framework; name = Foundation.framework; path = System/Library/Frameworks/Foundation.framework; sourceTree = SDKROOT; };
		E55DCCF416AF0EF50081CCA8 /* CoreGraphics.framework */ = {isa = PBXFileReference; lastKnownFileType = wrapper.framework; name = CoreGraphics.framework; path = System/Library/Frameworks/CoreGraphics.framework; sourceTree = SDKROOT; };
		E55DCCF616AF0EF50081CCA8 /* CoreData.framework */ = {isa = PBXFileReference; lastKnownFileType = wrapper.framework; name = CoreData.framework; path = System/Library/Frameworks/CoreData.framework; sourceTree = SDKROOT; };
		E55DCCFA16AF0EF50081CCA8 /* SuperDB-Info.plist */ = {isa = PBXFileReference; lastKnownFileType = text.plist.xml; path = "SuperDB-Info.plist"; sourceTree = "<group>"; };
		E55DCCFC16AF0EF50081CCA8 /* en */ = {isa = PBXFileReference; lastKnownFileType = text.plist.strings; name = en; path = en.lproj/InfoPlist.strings; sourceTree = "<group>"; };
		E55DCCFE16AF0EF50081CCA8 /* main.m */ = {isa = PBXFileReference; lastKnownFileType = sourcecode.c.objc; path = main.m; sourceTree = "<group>"; };
		E55DCD0016AF0EF50081CCA8 /* SuperDB-Prefix.pch */ = {isa = PBXFileReference; lastKnownFileType = sourcecode.c.h; path = "SuperDB-Prefix.pch"; sourceTree = "<group>"; };
		E55DCD0116AF0EF50081CCA8 /* AppDelegate.h */ = {isa = PBXFileReference; lastKnownFileType = sourcecode.c.h; path = AppDelegate.h; sourceTree = "<group>"; };
		E55DCD0216AF0EF50081CCA8 /* AppDelegate.m */ = {isa = PBXFileReference; lastKnownFileType = sourcecode.c.objc; path = AppDelegate.m; sourceTree = "<group>"; };
		E55DCD0416AF0EF50081CCA8 /* Default.png */ = {isa = PBXFileReference; lastKnownFileType = image.png; path = Default.png; sourceTree = "<group>"; };
		E55DCD0616AF0EF50081CCA8 /* Default@2x.png */ = {isa = PBXFileReference; lastKnownFileType = image.png; path = "Default@2x.png"; sourceTree = "<group>"; };
		E55DCD0816AF0EF50081CCA8 /* Default-568h@2x.png */ = {isa = PBXFileReference; lastKnownFileType = image.png; path = "Default-568h@2x.png"; sourceTree = "<group>"; };
		E55DCD0B16AF0EF50081CCA8 /* SuperDB.xcdatamodel */ = {isa = PBXFileReference; lastKnownFileType = wrapper.xcdatamodel; path = SuperDB.xcdatamodel; sourceTree = "<group>"; };
		E55DCD1216AF0F210081CCA8 /* SuperDB.storyboard */ = {isa = PBXFileReference; fileEncoding = 4; lastKnownFileType = file.storyboard; path = SuperDB.storyboard; sourceTree = "<group>"; };
		E55DCD1816AF12550081CCA8 /* name_icon.png */ = {isa = PBXFileReference; lastKnownFileType = image.png; path = name_icon.png; sourceTree = "<group>"; };
		E55DCD1916AF12550081CCA8 /* secret_icon.png */ = {isa = PBXFileReference; lastKnownFileType = image.png; path = secret_icon.png; sourceTree = "<group>"; };
		E55DCD1D16AF12E80081CCA8 /* HeroListController.h */ = {isa = PBXFileReference; fileEncoding = 4; lastKnownFileType = sourcecode.c.h; path = HeroListController.h; sourceTree = "<group>"; };
		E55DCD1E16AF12E80081CCA8 /* HeroListController.m */ = {isa = PBXFileReference; fileEncoding = 4; lastKnownFileType = sourcecode.c.objc; path = HeroListController.m; sourceTree = "<group>"; };
		E55DCD2816AF35AE0081CCA8 /* HeroDetailController.h */ = {isa = PBXFileReference; fileEncoding = 4; lastKnownFileType = sourcecode.c.h; path = HeroDetailController.h; sourceTree = "<group>"; };
		E55DCD2916AF35AE0081CCA8 /* HeroDetailController.m */ = {isa = PBXFileReference; fileEncoding = 4; lastKnownFileType = sourcecode.c.objc; path = HeroDetailController.m; sourceTree = "<group>"; };
		E55DCD2C16AF36630081CCA8 /* HeroDetailConfiguration.plist */ = {isa = PBXFileReference; fileEncoding = 4; lastKnownFileType = text.plist.xml; path = HeroDetailConfiguration.plist; sourceTree = "<group>"; };
		E55DCD2E16AF3B430081CCA8 /* SuperDBEditCell.h */ = {isa = PBXFileReference; fileEncoding = 4; lastKnownFileType = sourcecode.c.h; path = SuperDBEditCell.h; sourceTree = "<group>"; };
		E55DCD2F16AF3B430081CCA8 /* SuperDBEditCell.m */ = {isa = PBXFileReference; fileEncoding = 4; lastKnownFileType = sourcecode.c.objc; path = SuperDBEditCell.m; sourceTree = "<group>"; };
		E55DCD3116AF3DF90081CCA8 /* SuperDBDateCell.h */ = {isa = PBXFileReference; fileEncoding = 4; lastKnownFileType = sourcecode.c.h; path = SuperDBDateCell.h; sourceTree = "<group>"; };
		E55DCD3216AF3DF90081CCA8 /* SuperDBDateCell.m */ = {isa = PBXFileReference; fileEncoding = 4; lastKnownFileType = sourcecode.c.objc; path = SuperDBDateCell.m; sourceTree = "<group>"; };
		E55DCD3416AF3F860081CCA8 /* SuperDBPickerCell.h */ = {isa = PBXFileReference; fileEncoding = 4; lastKnownFileType = sourcecode.c.h; path = SuperDBPickerCell.h; sourceTree = "<group>"; };
		E55DCD3516AF3F860081CCA8 /* SuperDBPickerCell.m */ = {isa = PBXFileReference; fileEncoding = 4; lastKnownFileType = sourcecode.c.objc; path = SuperDBPickerCell.m; sourceTree = "<group>"; };
/* End PBXFileReference section */

/* Begin PBXFrameworksBuildPhase section */
		E55DCCE916AF0EF50081CCA8 /* Frameworks */ = {
			isa = PBXFrameworksBuildPhase;
			buildActionMask = 2147483647;
			files = (
				E55DCCF116AF0EF50081CCA8 /* UIKit.framework in Frameworks */,
				E55DCCF316AF0EF50081CCA8 /* Foundation.framework in Frameworks */,
				E55DCCF516AF0EF50081CCA8 /* CoreGraphics.framework in Frameworks */,
				E55DCCF716AF0EF50081CCA8 /* CoreData.framework in Frameworks */,
			);
			runOnlyForDeploymentPostprocessing = 0;
		};
/* End PBXFrameworksBuildPhase section */

/* Begin PBXGroup section */
		E55DCCE116AF0EF50081CCA8 = {
			isa = PBXGroup;
			children = (
				E55DCCF816AF0EF50081CCA8 /* SuperDB */,
				E55DCCEF16AF0EF50081CCA8 /* Frameworks */,
				E55DCCED16AF0EF50081CCA8 /* Products */,
			);
			sourceTree = "<group>";
		};
		E55DCCED16AF0EF50081CCA8 /* Products */ = {
			isa = PBXGroup;
			children = (
				E55DCCEC16AF0EF50081CCA8 /* SuperDB.app */,
			);
			name = Products;
			sourceTree = "<group>";
		};
		E55DCCEF16AF0EF50081CCA8 /* Frameworks */ = {
			isa = PBXGroup;
			children = (
				E55DCCF016AF0EF50081CCA8 /* UIKit.framework */,
				E55DCCF216AF0EF50081CCA8 /* Foundation.framework */,
				E55DCCF416AF0EF50081CCA8 /* CoreGraphics.framework */,
				E55DCCF616AF0EF50081CCA8 /* CoreData.framework */,
			);
			name = Frameworks;
			sourceTree = "<group>";
		};
		E55DCCF816AF0EF50081CCA8 /* SuperDB */ = {
			isa = PBXGroup;
			children = (
				E55DCD0116AF0EF50081CCA8 /* AppDelegate.h */,
				E55DCD0216AF0EF50081CCA8 /* AppDelegate.m */,
				E55DCD0A16AF0EF50081CCA8 /* SuperDB.xcdatamodeld */,
				E55DCCF916AF0EF50081CCA8 /* Supporting Files */,
				E55DCD1216AF0F210081CCA8 /* SuperDB.storyboard */,
				E55DCD1D16AF12E80081CCA8 /* HeroListController.h */,
				E55DCD1E16AF12E80081CCA8 /* HeroListController.m */,
				E55DCD2816AF35AE0081CCA8 /* HeroDetailController.h */,
				E55DCD2916AF35AE0081CCA8 /* HeroDetailController.m */,
				E55DCD2E16AF3B430081CCA8 /* SuperDBEditCell.h */,
				E55DCD2F16AF3B430081CCA8 /* SuperDBEditCell.m */,
				E55DCD3116AF3DF90081CCA8 /* SuperDBDateCell.h */,
				E55DCD3216AF3DF90081CCA8 /* SuperDBDateCell.m */,
				E55DCD3416AF3F860081CCA8 /* SuperDBPickerCell.h */,
				E55DCD3516AF3F860081CCA8 /* SuperDBPickerCell.m */,
			);
			path = SuperDB;
			sourceTree = "<group>";
		};
		E55DCCF916AF0EF50081CCA8 /* Supporting Files */ = {
			isa = PBXGroup;
			children = (
				E55DCD1816AF12550081CCA8 /* name_icon.png */,
				E55DCD1916AF12550081CCA8 /* secret_icon.png */,
				E55DCCFA16AF0EF50081CCA8 /* SuperDB-Info.plist */,
				E55DCCFB16AF0EF50081CCA8 /* InfoPlist.strings */,
				E55DCCFE16AF0EF50081CCA8 /* main.m */,
				E55DCD0016AF0EF50081CCA8 /* SuperDB-Prefix.pch */,
				E55DCD0416AF0EF50081CCA8 /* Default.png */,
				E55DCD0616AF0EF50081CCA8 /* Default@2x.png */,
				E55DCD0816AF0EF50081CCA8 /* Default-568h@2x.png */,
				E55DCD2C16AF36630081CCA8 /* HeroDetailConfiguration.plist */,
			);
			name = "Supporting Files";
			sourceTree = "<group>";
		};
/* End PBXGroup section */

/* Begin PBXNativeTarget section */
		E55DCCEB16AF0EF50081CCA8 /* SuperDB */ = {
			isa = PBXNativeTarget;
			buildConfigurationList = E55DCD0F16AF0EF50081CCA8 /* Build configuration list for PBXNativeTarget "SuperDB" */;
			buildPhases = (
				E55DCCE816AF0EF50081CCA8 /* Sources */,
				E55DCCE916AF0EF50081CCA8 /* Frameworks */,
				E55DCCEA16AF0EF50081CCA8 /* Resources */,
			);
			buildRules = (
			);
			dependencies = (
			);
			name = SuperDB;
			productName = SuperDB;
			productReference = E55DCCEC16AF0EF50081CCA8 /* SuperDB.app */;
			productType = "com.apple.product-type.application";
		};
/* End PBXNativeTarget section */

/* Begin PBXProject section */
		E55DCCE316AF0EF50081CCA8 /* Project object */ = {
			isa = PBXProject;
			attributes = {
				LastUpgradeCheck = 0450;
				ORGANIZATIONNAME = "Kevin Y. Kim";
			};
			buildConfigurationList = E55DCCE616AF0EF50081CCA8 /* Build configuration list for PBXProject "SuperDB" */;
			compatibilityVersion = "Xcode 3.2";
			developmentRegion = English;
			hasScannedForEncodings = 0;
			knownRegions = (
				en,
			);
			mainGroup = E55DCCE116AF0EF50081CCA8;
			productRefGroup = E55DCCED16AF0EF50081CCA8 /* Products */;
			projectDirPath = "";
			projectRoot = "";
			targets = (
				E55DCCEB16AF0EF50081CCA8 /* SuperDB */,
			);
		};
/* End PBXProject section */

/* Begin PBXResourcesBuildPhase section */
		E55DCCEA16AF0EF50081CCA8 /* Resources */ = {
			isa = PBXResourcesBuildPhase;
			buildActionMask = 2147483647;
			files = (
				E55DCCFD16AF0EF50081CCA8 /* InfoPlist.strings in Resources */,
				E55DCD0516AF0EF50081CCA8 /* Default.png in Resources */,
				E55DCD0716AF0EF50081CCA8 /* Default@2x.png in Resources */,
				E55DCD0916AF0EF50081CCA8 /* Default-568h@2x.png in Resources */,
				E55DCD1316AF0F210081CCA8 /* SuperDB.storyboard in Resources */,
				E55DCD1A16AF12550081CCA8 /* name_icon.png in Resources */,
				E55DCD1B16AF12550081CCA8 /* secret_icon.png in Resources */,
				E55DCD2D16AF36630081CCA8 /* HeroDetailConfiguration.plist in Resources */,
			);
			runOnlyForDeploymentPostprocessing = 0;
		};
/* End PBXResourcesBuildPhase section */

/* Begin PBXSourcesBuildPhase section */
		E55DCCE816AF0EF50081CCA8 /* Sources */ = {
			isa = PBXSourcesBuildPhase;
			buildActionMask = 2147483647;
			files = (
				E55DCCFF16AF0EF50081CCA8 /* main.m in Sources */,
				E55DCD0316AF0EF50081CCA8 /* AppDelegate.m in Sources */,
				E55DCD0C16AF0EF50081CCA8 /* SuperDB.xcdatamodeld in Sources */,
				E55DCD1F16AF12E80081CCA8 /* HeroListController.m in Sources */,
				E55DCD2A16AF35AE0081CCA8 /* HeroDetailController.m in Sources */,
				E55DCD3016AF3B430081CCA8 /* SuperDBEditCell.m in Sources */,
				E55DCD3316AF3DF90081CCA8 /* SuperDBDateCell.m in Sources */,
				E55DCD3616AF3F860081CCA8 /* SuperDBPickerCell.m in Sources */,
			);
			runOnlyForDeploymentPostprocessing = 0;
		};
/* End PBXSourcesBuildPhase section */

/* Begin PBXVariantGroup section */
		E55DCCFB16AF0EF50081CCA8 /* InfoPlist.strings */ = {
			isa = PBXVariantGroup;
			children = (
				E55DCCFC16AF0EF50081CCA8 /* en */,
			);
			name = InfoPlist.strings;
			sourceTree = "<group>";
		};
/* End PBXVariantGroup section */

/* Begin XCBuildConfiguration section */
		E55DCD0D16AF0EF50081CCA8 /* Debug */ = {
			isa = XCBuildConfiguration;
			buildSettings = {
				ALWAYS_SEARCH_USER_PATHS = NO;
				CLANG_CXX_LANGUAGE_STANDARD = "gnu++0x";
				CLANG_CXX_LIBRARY = "libc++";
				CLANG_ENABLE_OBJC_ARC = YES;
				CLANG_WARN_EMPTY_BODY = YES;
				CLANG_WARN__DUPLICATE_METHOD_MATCH = YES;
				"CODE_SIGN_IDENTITY[sdk=iphoneos*]" = "iPhone Developer";
				COPY_PHASE_STRIP = NO;
				GCC_C_LANGUAGE_STANDARD = gnu99;
				GCC_DYNAMIC_NO_PIC = NO;
				GCC_OPTIMIZATION_LEVEL = 0;
				GCC_PREPROCESSOR_DEFINITIONS = (
					"DEBUG=1",
					"$(inherited)",
				);
				GCC_SYMBOLS_PRIVATE_EXTERN = NO;
				GCC_WARN_ABOUT_RETURN_TYPE = YES;
				GCC_WARN_UNINITIALIZED_AUTOS = YES;
				GCC_WARN_UNUSED_VARIABLE = YES;
				IPHONEOS_DEPLOYMENT_TARGET = 6.0;
				ONLY_ACTIVE_ARCH = YES;
				SDKROOT = iphoneos;
			};
			name = Debug;
		};
		E55DCD0E16AF0EF50081CCA8 /* Release */ = {
			isa = XCBuildConfiguration;
			buildSettings = {
				ALWAYS_SEARCH_USER_PATHS = NO;
				CLANG_CXX_LANGUAGE_STANDARD = "gnu++0x";
				CLANG_CXX_LIBRARY = "libc++";
				CLANG_ENABLE_OBJC_ARC = YES;
				CLANG_WARN_EMPTY_BODY = YES;
				CLANG_WARN__DUPLICATE_METHOD_MATCH = YES;
				"CODE_SIGN_IDENTITY[sdk=iphoneos*]" = "iPhone Developer";
				COPY_PHASE_STRIP = YES;
				GCC_C_LANGUAGE_STANDARD = gnu99;
				GCC_WARN_ABOUT_RETURN_TYPE = YES;
				GCC_WARN_UNINITIALIZED_AUTOS = YES;
				GCC_WARN_UNUSED_VARIABLE = YES;
				IPHONEOS_DEPLOYMENT_TARGET = 6.0;
				OTHER_CFLAGS = "-DNS_BLOCK_ASSERTIONS=1";
				SDKROOT = iphoneos;
				VALIDATE_PRODUCT = YES;
			};
			name = Release;
		};
		E55DCD1016AF0EF50081CCA8 /* Debug */ = {
			isa = XCBuildConfiguration;
			buildSettings = {
				GCC_PRECOMPILE_PREFIX_HEADER = YES;
				GCC_PREFIX_HEADER = "SuperDB/SuperDB-Prefix.pch";
				INFOPLIST_FILE = "SuperDB/SuperDB-Info.plist";
				PRODUCT_NAME = "$(TARGET_NAME)";
				WRAPPER_EXTENSION = app;
			};
			name = Debug;
		};
		E55DCD1116AF0EF50081CCA8 /* Release */ = {
			isa = XCBuildConfiguration;
			buildSettings = {
				GCC_PRECOMPILE_PREFIX_HEADER = YES;
				GCC_PREFIX_HEADER = "SuperDB/SuperDB-Prefix.pch";
				INFOPLIST_FILE = "SuperDB/SuperDB-Info.plist";
				PRODUCT_NAME = "$(TARGET_NAME)";
				WRAPPER_EXTENSION = app;
			};
			name = Release;
		};
/* End XCBuildConfiguration section */

/* Begin XCConfigurationList section */
		E55DCCE616AF0EF50081CCA8 /* Build configuration list for PBXProject "SuperDB" */ = {
			isa = XCConfigurationList;
			buildConfigurations = (
				E55DCD0D16AF0EF50081CCA8 /* Debug */,
				E55DCD0E16AF0EF50081CCA8 /* Release */,
			);
			defaultConfigurationIsVisible = 0;
			defaultConfigurationName = Release;
		};
		E55DCD0F16AF0EF50081CCA8 /* Build configuration list for PBXNativeTarget "SuperDB" */ = {
			isa = XCConfigurationList;
			buildConfigurations = (
				E55DCD1016AF0EF50081CCA8 /* Debug */,
				E55DCD1116AF0EF50081CCA8 /* Release */,
			);
			defaultConfigurationIsVisible = 0;
			defaultConfigurationName = Release;
		};
/* End XCConfigurationList section */

/* Begin XCVersionGroup section */
		E55DCD0A16AF0EF50081CCA8 /* SuperDB.xcdatamodeld */ = {
			isa = XCVersionGroup;
			children = (
				E55DCD0B16AF0EF50081CCA8 /* SuperDB.xcdatamodel */,
			);
			currentVersion = E55DCD0B16AF0EF50081CCA8 /* SuperDB.xcdatamodel */;
			path = SuperDB.xcdatamodeld;
			sourceTree = "<group>";
			versionGroupType = wrapper.xcdatamodel;
		};
/* End XCVersionGroup section */
	};
	rootObject = E55DCCE316AF0EF50081CCA8 /* Project object */;
}
